// !$*UTF8*$!
{
	archiveVersion = 1;
	classes = {
	};
	objectVersion = 46;
	objects = {

/* Begin PBXBuildFile section */
		2F8C20481CA1316A006D0ECB /* ClockAppTests.swift in Sources */ = {isa = PBXBuildFile; fileRef = 2F8C20471CA1316A006D0ECB /* ClockAppTests.swift */; };
		2F8C20621CA1377C006D0ECB /* Assets.xcassets in Resources */ = {isa = PBXBuildFile; fileRef = 2F8C20551CA1377C006D0ECB /* Assets.xcassets */; };
		2F8C20631CA1377C006D0ECB /* LaunchScreen.storyboard in Resources */ = {isa = PBXBuildFile; fileRef = 2F8C20561CA1377C006D0ECB /* LaunchScreen.storyboard */; };
		2F8C20641CA1377C006D0ECB /* Main.storyboard in Resources */ = {isa = PBXBuildFile; fileRef = 2F8C20581CA1377C006D0ECB /* Main.storyboard */; };
		2F8C20651CA1377C006D0ECB /* ClockApp.xcdatamodeld in Sources */ = {isa = PBXBuildFile; fileRef = 2F8C205A1CA1377C006D0ECB /* ClockApp.xcdatamodeld */; };
		2F8C20671CA1377C006D0ECB /* ClockViewController.swift in Sources */ = {isa = PBXBuildFile; fileRef = 2F8C205F1CA1377C006D0ECB /* ClockViewController.swift */; };
		2F8C20681CA1377C006D0ECB /* MasterViewController.swift in Sources */ = {isa = PBXBuildFile; fileRef = 2F8C20601CA1377C006D0ECB /* MasterViewController.swift */; };
		2F8C206B1CA13855006D0ECB /* AppDelegate.swift in Sources */ = {isa = PBXBuildFile; fileRef = 2F8C20691CA13855006D0ECB /* AppDelegate.swift */; };
		2F8C206C1CA13855006D0ECB /* Info.plist in Resources */ = {isa = PBXBuildFile; fileRef = 2F8C206A1CA13855006D0ECB /* Info.plist */; };
		2F8C206E1CA13957006D0ECB /* ClocksListViewControllerTableViewController.swift in Sources */ = {isa = PBXBuildFile; fileRef = 2F8C206D1CA13957006D0ECB /* ClocksListViewControllerTableViewController.swift */; };
/* End PBXBuildFile section */

/* Begin PBXContainerItemProxy section */
		2F8C20441CA1316A006D0ECB /* PBXContainerItemProxy */ = {
			isa = PBXContainerItemProxy;
			containerPortal = 2F8C20221CA1316A006D0ECB /* Project object */;
			proxyType = 1;
			remoteGlobalIDString = 2F8C20291CA1316A006D0ECB;
			remoteInfo = ClockApp;
		};
/* End PBXContainerItemProxy section */

/* Begin PBXFileReference section */
		2F8C202A1CA1316A006D0ECB /* ClockApp.app */ = {isa = PBXFileReference; explicitFileType = wrapper.application; includeInIndex = 0; path = ClockApp.app; sourceTree = BUILT_PRODUCTS_DIR; };
		2F8C20431CA1316A006D0ECB /* ClockAppTests.xctest */ = {isa = PBXFileReference; explicitFileType = wrapper.cfbundle; includeInIndex = 0; path = ClockAppTests.xctest; sourceTree = BUILT_PRODUCTS_DIR; };
		2F8C20471CA1316A006D0ECB /* ClockAppTests.swift */ = {isa = PBXFileReference; lastKnownFileType = sourcecode.swift; path = ClockAppTests.swift; sourceTree = "<group>"; };
		2F8C20491CA1316A006D0ECB /* Info.plist */ = {isa = PBXFileReference; lastKnownFileType = text.plist.xml; path = Info.plist; sourceTree = "<group>"; };
		2F8C20551CA1377C006D0ECB /* Assets.xcassets */ = {isa = PBXFileReference; lastKnownFileType = folder.assetcatalog; path = Assets.xcassets; sourceTree = "<group>"; };
		2F8C20571CA1377C006D0ECB /* Base */ = {isa = PBXFileReference; lastKnownFileType = file.storyboard; name = Base; path = Base.lproj/LaunchScreen.storyboard; sourceTree = "<group>"; };
		2F8C20591CA1377C006D0ECB /* Base */ = {isa = PBXFileReference; lastKnownFileType = file.storyboard; name = Base; path = Base.lproj/Main.storyboard; sourceTree = "<group>"; };
		2F8C205B1CA1377C006D0ECB /* ClockApp.xcdatamodel */ = {isa = PBXFileReference; lastKnownFileType = wrapper.xcdatamodel; path = ClockApp.xcdatamodel; sourceTree = "<group>"; };
		2F8C205F1CA1377C006D0ECB /* ClockViewController.swift */ = {isa = PBXFileReference; fileEncoding = 4; lastKnownFileType = sourcecode.swift; path = ClockViewController.swift; sourceTree = "<group>"; };
		2F8C20601CA1377C006D0ECB /* MasterViewController.swift */ = {isa = PBXFileReference; fileEncoding = 4; lastKnownFileType = sourcecode.swift; path = MasterViewController.swift; sourceTree = "<group>"; };
		2F8C20691CA13855006D0ECB /* AppDelegate.swift */ = {isa = PBXFileReference; fileEncoding = 4; lastKnownFileType = sourcecode.swift; path = AppDelegate.swift; sourceTree = "<group>"; };
		2F8C206A1CA13855006D0ECB /* Info.plist */ = {isa = PBXFileReference; fileEncoding = 4; lastKnownFileType = text.plist.xml; path = Info.plist; sourceTree = "<group>"; };
		2F8C206D1CA13957006D0ECB /* ClocksListViewControllerTableViewController.swift */ = {isa = PBXFileReference; fileEncoding = 4; lastKnownFileType = sourcecode.swift; path = ClocksListViewControllerTableViewController.swift; sourceTree = "<group>"; };
/* End PBXFileReference section */

/* Begin PBXFrameworksBuildPhase section */
		2F8C20271CA1316A006D0ECB /* Frameworks */ = {
			isa = PBXFrameworksBuildPhase;
			buildActionMask = 2147483647;
			files = (
			);
			runOnlyForDeploymentPostprocessing = 0;
		};
		2F8C20401CA1316A006D0ECB /* Frameworks */ = {
			isa = PBXFrameworksBuildPhase;
			buildActionMask = 2147483647;
			files = (
			);
			runOnlyForDeploymentPostprocessing = 0;
		};
/* End PBXFrameworksBuildPhase section */

/* Begin PBXGroup section */
		2F8C20211CA1316A006D0ECB = {
			isa = PBXGroup;
			children = (
				2F8C202C1CA1316A006D0ECB /* ClockApp */,
				2F8C20461CA1316A006D0ECB /* ClockAppTests */,
				2F8C202B1CA1316A006D0ECB /* Products */,
			);
			sourceTree = "<group>";
		};
		2F8C202B1CA1316A006D0ECB /* Products */ = {
			isa = PBXGroup;
			children = (
				2F8C202A1CA1316A006D0ECB /* ClockApp.app */,
				2F8C20431CA1316A006D0ECB /* ClockAppTests.xctest */,
			);
			name = Products;
			sourceTree = "<group>";
		};
		2F8C202C1CA1316A006D0ECB /* ClockApp */ = {
			isa = PBXGroup;
			children = (
				2F8C20541CA1377C006D0ECB /* Assets */,
				2F8C205D1CA1377C006D0ECB /* Clocks */,
				2F8C205E1CA1377C006D0ECB /* Controllers */,
				2F8C20691CA13855006D0ECB /* AppDelegate.swift */,
				2F8C206A1CA13855006D0ECB /* Info.plist */,
			);
			path = ClockApp;
			sourceTree = "<group>";
		};
		2F8C20461CA1316A006D0ECB /* ClockAppTests */ = {
			isa = PBXGroup;
			children = (
				2F8C20471CA1316A006D0ECB /* ClockAppTests.swift */,
				2F8C20491CA1316A006D0ECB /* Info.plist */,
			);
			path = ClockAppTests;
			sourceTree = "<group>";
		};
		2F8C20541CA1377C006D0ECB /* Assets */ = {
			isa = PBXGroup;
			children = (
				2F8C20551CA1377C006D0ECB /* Assets.xcassets */,
				2F8C20561CA1377C006D0ECB /* LaunchScreen.storyboard */,
				2F8C20581CA1377C006D0ECB /* Main.storyboard */,
				2F8C205A1CA1377C006D0ECB /* ClockApp.xcdatamodeld */,
			);
			path = Assets;
			sourceTree = "<group>";
		};
		2F8C205D1CA1377C006D0ECB /* Clocks */ = {
			isa = PBXGroup;
			children = (
			);
			path = Clocks;
			sourceTree = "<group>";
		};
		2F8C205E1CA1377C006D0ECB /* Controllers */ = {
			isa = PBXGroup;
			children = (
				2F8C205F1CA1377C006D0ECB /* ClockViewController.swift */,
				2F8C20601CA1377C006D0ECB /* MasterViewController.swift */,
				2F8C206D1CA13957006D0ECB /* ClocksListViewControllerTableViewController.swift */,
			);
			path = Controllers;
			sourceTree = "<group>";
		};
/* End PBXGroup section */

/* Begin PBXNativeTarget section */
		2F8C20291CA1316A006D0ECB /* ClockApp */ = {
			isa = PBXNativeTarget;
			buildConfigurationList = 2F8C204C1CA1316A006D0ECB /* Build configuration list for PBXNativeTarget "ClockApp" */;
			buildPhases = (
				2F8C20261CA1316A006D0ECB /* Sources */,
				2F8C20271CA1316A006D0ECB /* Frameworks */,
				2F8C20281CA1316A006D0ECB /* Resources */,
			);
			buildRules = (
			);
			dependencies = (
			);
			name = ClockApp;
			productName = ClockApp;
			productReference = 2F8C202A1CA1316A006D0ECB /* ClockApp.app */;
			productType = "com.apple.product-type.application";
		};
		2F8C20421CA1316A006D0ECB /* ClockAppTests */ = {
			isa = PBXNativeTarget;
			buildConfigurationList = 2F8C204F1CA1316A006D0ECB /* Build configuration list for PBXNativeTarget "ClockAppTests" */;
			buildPhases = (
				2F8C203F1CA1316A006D0ECB /* Sources */,
				2F8C20401CA1316A006D0ECB /* Frameworks */,
				2F8C20411CA1316A006D0ECB /* Resources */,
			);
			buildRules = (
			);
			dependencies = (
				2F8C20451CA1316A006D0ECB /* PBXTargetDependency */,
			);
			name = ClockAppTests;
			productName = ClockAppTests;
			productReference = 2F8C20431CA1316A006D0ECB /* ClockAppTests.xctest */;
			productType = "com.apple.product-type.bundle.unit-test";
		};
/* End PBXNativeTarget section */

/* Begin PBXProject section */
		2F8C20221CA1316A006D0ECB /* Project object */ = {
			isa = PBXProject;
			attributes = {
				LastSwiftUpdateCheck = 0720;
				LastUpgradeCheck = 0720;
				ORGANIZATIONNAME = Workshop;
				TargetAttributes = {
					2F8C20291CA1316A006D0ECB = {
						CreatedOnToolsVersion = 7.2;
					};
					2F8C20421CA1316A006D0ECB = {
						CreatedOnToolsVersion = 7.2;
						TestTargetID = 2F8C20291CA1316A006D0ECB;
					};
				};
			};
			buildConfigurationList = 2F8C20251CA1316A006D0ECB /* Build configuration list for PBXProject "ClockApp" */;
			compatibilityVersion = "Xcode 3.2";
			developmentRegion = English;
			hasScannedForEncodings = 0;
			knownRegions = (
				en,
				Base,
			);
			mainGroup = 2F8C20211CA1316A006D0ECB;
			productRefGroup = 2F8C202B1CA1316A006D0ECB /* Products */;
			projectDirPath = "";
			projectRoot = "";
			targets = (
				2F8C20291CA1316A006D0ECB /* ClockApp */,
				2F8C20421CA1316A006D0ECB /* ClockAppTests */,
			);
		};
/* End PBXProject section */

/* Begin PBXResourcesBuildPhase section */
		2F8C20281CA1316A006D0ECB /* Resources */ = {
			isa = PBXResourcesBuildPhase;
			buildActionMask = 2147483647;
			files = (
				2F8C206C1CA13855006D0ECB /* Info.plist in Resources */,
				2F8C20641CA1377C006D0ECB /* Main.storyboard in Resources */,
				2F8C20631CA1377C006D0ECB /* LaunchScreen.storyboard in Resources */,
				2F8C20621CA1377C006D0ECB /* Assets.xcassets in Resources */,
			);
			runOnlyForDeploymentPostprocessing = 0;
		};
		2F8C20411CA1316A006D0ECB /* Resources */ = {
			isa = PBXResourcesBuildPhase;
			buildActionMask = 2147483647;
			files = (
			);
			runOnlyForDeploymentPostprocessing = 0;
		};
/* End PBXResourcesBuildPhase section */

/* Begin PBXSourcesBuildPhase section */
		2F8C20261CA1316A006D0ECB /* Sources */ = {
			isa = PBXSourcesBuildPhase;
			buildActionMask = 2147483647;
			files = (
				2F8C206E1CA13957006D0ECB /* ClocksListViewControllerTableViewController.swift in Sources */,
				2F8C206B1CA13855006D0ECB /* AppDelegate.swift in Sources */,
				2F8C20681CA1377C006D0ECB /* MasterViewController.swift in Sources */,
				2F8C20651CA1377C006D0ECB /* ClockApp.xcdatamodeld in Sources */,
				2F8C20671CA1377C006D0ECB /* ClockViewController.swift in Sources */,
			);
			runOnlyForDeploymentPostprocessing = 0;
		};
		2F8C203F1CA1316A006D0ECB /* Sources */ = {
			isa = PBXSourcesBuildPhase;
			buildActionMask = 2147483647;
			files = (
				2F8C20481CA1316A006D0ECB /* ClockAppTests.swift in Sources */,
			);
			runOnlyForDeploymentPostprocessing = 0;
		};
/* End PBXSourcesBuildPhase section */

/* Begin PBXTargetDependency section */
		2F8C20451CA1316A006D0ECB /* PBXTargetDependency */ = {
			isa = PBXTargetDependency;
			target = 2F8C20291CA1316A006D0ECB /* ClockApp */;
			targetProxy = 2F8C20441CA1316A006D0ECB /* PBXContainerItemProxy */;
		};
/* End PBXTargetDependency section */

/* Begin PBXVariantGroup section */
		2F8C20561CA1377C006D0ECB /* LaunchScreen.storyboard */ = {
			isa = PBXVariantGroup;
			children = (
				2F8C20571CA1377C006D0ECB /* Base */,
			);
			name = LaunchScreen.storyboard;
			sourceTree = "<group>";
		};
		2F8C20581CA1377C006D0ECB /* Main.storyboard */ = {
			isa = PBXVariantGroup;
			children = (
				2F8C20591CA1377C006D0ECB /* Base */,
			);
			name = Main.storyboard;
			sourceTree = "<group>";
		};
/* End PBXVariantGroup section */

/* Begin XCBuildConfiguration section */
		2F8C204A1CA1316A006D0ECB /* Debug */ = {
			isa = XCBuildConfiguration;
			buildSettings = {
				ALWAYS_SEARCH_USER_PATHS = NO;
				CLANG_CXX_LANGUAGE_STANDARD = "gnu++0x";
				CLANG_CXX_LIBRARY = "libc++";
				CLANG_ENABLE_MODULES = YES;
				CLANG_ENABLE_OBJC_ARC = YES;
				CLANG_WARN_BOOL_CONVERSION = YES;
				CLANG_WARN_CONSTANT_CONVERSION = YES;
				CLANG_WARN_DIRECT_OBJC_ISA_USAGE = YES_ERROR;
				CLANG_WARN_EMPTY_BODY = YES;
				CLANG_WARN_ENUM_CONVERSION = YES;
				CLANG_WARN_INT_CONVERSION = YES;
				CLANG_WARN_OBJC_ROOT_CLASS = YES_ERROR;
				CLANG_WARN_UNREACHABLE_CODE = YES;
				CLANG_WARN__DUPLICATE_METHOD_MATCH = YES;
				"CODE_SIGN_IDENTITY[sdk=iphoneos*]" = "iPhone Developer";
				COPY_PHASE_STRIP = NO;
				DEBUG_INFORMATION_FORMAT = dwarf;
				ENABLE_STRICT_OBJC_MSGSEND = YES;
				ENABLE_TESTABILITY = YES;
				GCC_C_LANGUAGE_STANDARD = gnu99;
				GCC_DYNAMIC_NO_PIC = NO;
				GCC_NO_COMMON_BLOCKS = YES;
				GCC_OPTIMIZATION_LEVEL = 0;
				GCC_PREPROCESSOR_DEFINITIONS = (
					"DEBUG=1",
					"$(inherited)",
				);
				GCC_WARN_64_TO_32_BIT_CONVERSION = YES;
				GCC_WARN_ABOUT_RETURN_TYPE = YES_ERROR;
				GCC_WARN_UNDECLARED_SELECTOR = YES;
				GCC_WARN_UNINITIALIZED_AUTOS = YES_AGGRESSIVE;
				GCC_WARN_UNUSED_FUNCTION = YES;
				GCC_WARN_UNUSED_VARIABLE = YES;
				IPHONEOS_DEPLOYMENT_TARGET = 9.2;
				MTL_ENABLE_DEBUG_INFO = YES;
				ONLY_ACTIVE_ARCH = YES;
				SDKROOT = iphoneos;
				SWIFT_OPTIMIZATION_LEVEL = "-Onone";
				TARGETED_DEVICE_FAMILY = "1,2";
			};
			name = Debug;
		};
		2F8C204B1CA1316A006D0ECB /* Release */ = {
			isa = XCBuildConfiguration;
			buildSettings = {
				ALWAYS_SEARCH_USER_PATHS = NO;
				CLANG_CXX_LANGUAGE_STANDARD = "gnu++0x";
				CLANG_CXX_LIBRARY = "libc++";
				CLANG_ENABLE_MODULES = YES;
				CLANG_ENABLE_OBJC_ARC = YES;
				CLANG_WARN_BOOL_CONVERSION = YES;
				CLANG_WARN_CONSTANT_CONVERSION = YES;
				CLANG_WARN_DIRECT_OBJC_ISA_USAGE = YES_ERROR;
				CLANG_WARN_EMPTY_BODY = YES;
				CLANG_WARN_ENUM_CONVERSION = YES;
				CLANG_WARN_INT_CONVERSION = YES;
				CLANG_WARN_OBJC_ROOT_CLASS = YES_ERROR;
				CLANG_WARN_UNREACHABLE_CODE = YES;
				CLANG_WARN__DUPLICATE_METHOD_MATCH = YES;
				"CODE_SIGN_IDENTITY[sdk=iphoneos*]" = "iPhone Developer";
				COPY_PHASE_STRIP = NO;
				DEBUG_INFORMATION_FORMAT = "dwarf-with-dsym";
				ENABLE_NS_ASSERTIONS = NO;
				ENABLE_STRICT_OBJC_MSGSEND = YES;
				GCC_C_LANGUAGE_STANDARD = gnu99;
				GCC_NO_COMMON_BLOCKS = YES;
				GCC_WARN_64_TO_32_BIT_CONVERSION = YES;
				GCC_WARN_ABOUT_RETURN_TYPE = YES_ERROR;
				GCC_WARN_UNDECLARED_SELECTOR = YES;
				GCC_WARN_UNINITIALIZED_AUTOS = YES_AGGRESSIVE;
				GCC_WARN_UNUSED_FUNCTION = YES;
				GCC_WARN_UNUSED_VARIABLE = YES;
				IPHONEOS_DEPLOYMENT_TARGET = 9.2;
				MTL_ENABLE_DEBUG_INFO = NO;
				SDKROOT = iphoneos;
				TARGETED_DEVICE_FAMILY = "1,2";
				VALIDATE_PRODUCT = YES;
			};
			name = Release;
		};
		2F8C204D1CA1316A006D0ECB /* Debug */ = {
			isa = XCBuildConfiguration;
			buildSettings = {
				ASSETCATALOG_COMPILER_APPICON_NAME = AppIcon;
				INFOPLIST_FILE = ClockApp/Info.plist;
				LD_RUNPATH_SEARCH_PATHS = "$(inherited) @executable_path/Frameworks";
				PRODUCT_BUNDLE_IDENTIFIER = com.workshop.ClockApp;
				PRODUCT_NAME = "$(TARGET_NAME)";
			};
			name = Debug;
		};
		2F8C204E1CA1316A006D0ECB /* Release */ = {
			isa = XCBuildConfiguration;
			buildSettings = {
				ASSETCATALOG_COMPILER_APPICON_NAME = AppIcon;
				INFOPLIST_FILE = ClockApp/Info.plist;
				LD_RUNPATH_SEARCH_PATHS = "$(inherited) @executable_path/Frameworks";
				PRODUCT_BUNDLE_IDENTIFIER = com.workshop.ClockApp;
				PRODUCT_NAME = "$(TARGET_NAME)";
			};
			name = Release;
		};
		2F8C20501CA1316A006D0ECB /* Debug */ = {
			isa = XCBuildConfiguration;
			buildSettings = {
				BUNDLE_LOADER = "$(TEST_HOST)";
				INFOPLIST_FILE = ClockAppTests/Info.plist;
				LD_RUNPATH_SEARCH_PATHS = "$(inherited) @executable_path/Frameworks @loader_path/Frameworks";
				PRODUCT_BUNDLE_IDENTIFIER = com.workshop.ClockAppTests;
				PRODUCT_NAME = "$(TARGET_NAME)";
				TEST_HOST = "$(BUILT_PRODUCTS_DIR)/ClockApp.app/ClockApp";
			};
			name = Debug;
		};
		2F8C20511CA1316A006D0ECB /* Release */ = {
			isa = XCBuildConfiguration;
			buildSettings = {
				BUNDLE_LOADER = "$(TEST_HOST)";
				INFOPLIST_FILE = ClockAppTests/Info.plist;
				LD_RUNPATH_SEARCH_PATHS = "$(inherited) @executable_path/Frameworks @loader_path/Frameworks";
				PRODUCT_BUNDLE_IDENTIFIER = com.workshop.ClockAppTests;
				PRODUCT_NAME = "$(TARGET_NAME)";
				TEST_HOST = "$(BUILT_PRODUCTS_DIR)/ClockApp.app/ClockApp";
			};
			name = Release;
		};
/* End XCBuildConfiguration section */

/* Begin XCConfigurationList section */
		2F8C20251CA1316A006D0ECB /* Build configuration list for PBXProject "ClockApp" */ = {
			isa = XCConfigurationList;
			buildConfigurations = (
				2F8C204A1CA1316A006D0ECB /* Debug */,
				2F8C204B1CA1316A006D0ECB /* Release */,
			);
			defaultConfigurationIsVisible = 0;
			defaultConfigurationName = Release;
		};
		2F8C204C1CA1316A006D0ECB /* Build configuration list for PBXNativeTarget "ClockApp" */ = {
			isa = XCConfigurationList;
			buildConfigurations = (
				2F8C204D1CA1316A006D0ECB /* Debug */,
				2F8C204E1CA1316A006D0ECB /* Release */,
			);
			defaultConfigurationIsVisible = 0;
		};
		2F8C204F1CA1316A006D0ECB /* Build configuration list for PBXNativeTarget "ClockAppTests" */ = {
			isa = XCConfigurationList;
			buildConfigurations = (
				2F8C20501CA1316A006D0ECB /* Debug */,
				2F8C20511CA1316A006D0ECB /* Release */,
			);
			defaultConfigurationIsVisible = 0;
		};
/* End XCConfigurationList section */

/* Begin XCVersionGroup section */
		2F8C205A1CA1377C006D0ECB /* ClockApp.xcdatamodeld */ = {
			isa = XCVersionGroup;
			children = (
				2F8C205B1CA1377C006D0ECB /* ClockApp.xcdatamodel */,
			);
			currentVersion = 2F8C205B1CA1377C006D0ECB /* ClockApp.xcdatamodel */;
			path = ClockApp.xcdatamodeld;
			sourceTree = "<group>";
			versionGroupType = wrapper.xcdatamodel;
		};
/* End XCVersionGroup section */
	};
	rootObject = 2F8C20221CA1316A006D0ECB /* Project object */;
}
